{
  "version": 4,
  "terraform_version": "1.3.6",
  "serial": 6,
  "lineage": "f330ec67-d658-c6a8-56f4-39ae3f2fd832",
  "outputs": {},
  "resources": [
    {
      "mode": "managed",
      "type": "google_sql_database",
      "name": "database",
      "provider": "provider[\"registry.terraform.io/hashicorp/google\"]",
      "instances": [
        {
          "schema_version": 0,
          "attributes": {
            "charset": "UTF8",
            "collation": "en_US.UTF8",
            "deletion_policy": "DELETE",
            "id": "projects/practice-377017/instances/sql-instance1/databases/my-database",
            "instance": "sql-instance1",
            "name": "my-database",
            "project": "practice-377017",
            "self_link": "https://sqladmin.googleapis.com/sql/v1beta4/projects/practice-377017/instances/sql-instance1/databases/my-database",
            "timeouts": null
          },
          "sensitive_attributes": [],
          "private": "eyJlMmJmYjczMC1lY2FhLTExZTYtOGY4OC0zNDM2M2JjN2M0YzAiOnsiY3JlYXRlIjoxMjAwMDAwMDAwMDAwLCJkZWxldGUiOjEyMDAwMDAwMDAwMDAsInVwZGF0ZSI6MTIwMDAwMDAwMDAwMH19",
          "dependencies": [
            "google_sql_database_instance.sql-instance"
          ]
        }
      ]
    },
    {
      "mode": "managed",
      "type": "google_sql_database_instance",
      "name": "sql-instance",
      "provider": "provider[\"registry.terraform.io/hashicorp/google\"]",
      "instances": [
        {
          "status": "tainted",
          "schema_version": 0,
          "attributes": {
            "available_maintenance_versions": [],
            "clone": [],
            "connection_name": "practice-377017:us-east1:sql-instance1",
            "database_version": "POSTGRES_11",
            "deletion_protection": false,
            "encryption_key_name": null,
            "first_ip_address": "34.138.215.255",
            "id": "sql-instance1",
            "ip_address": [
              {
                "ip_address": "34.138.215.255",
                "time_to_retire": "",
                "type": "PRIMARY"
              },
              {
                "ip_address": "34.23.235.104",
                "time_to_retire": "",
                "type": "OUTGOING"
              }
            ],
            "maintenance_version": "POSTGRES_11_16.R20220710.01_16",
            "master_instance_name": "",
            "name": "sql-instance1",
            "private_ip_address": "",
            "project": "practice-377017",
            "public_ip_address": "34.138.215.255",
            "region": "us-east1",
            "replica_configuration": [],
            "restore_backup_context": [],
            "root_password": null,
            "self_link": "https://sqladmin.googleapis.com/sql/v1beta4/projects/practice-377017/instances/sql-instance1",
            "server_ca_cert": [
              {
                "cert": "-----BEGIN CERTIFICATE-----\nMIIDfzCCAmegAwIBAgIBADANBgkqhkiG9w0BAQsFADB3MS0wKwYDVQQuEyRmY2Ji\nMjNiZS00ZmM2LTQyMmUtOGNhYS02NWNmYzcxMWQxN2YxIzAhBgNVBAMTGkdvb2ds\nZSBDbG91ZCBTUUwgU2VydmVyIENBMRQwEgYDVQQKEwtHb29nbGUsIEluYzELMAkG\nA1UEBhMCVVMwHhcNMjMwMjE3MDY0ODI5WhcNMzMwMjE0MDY0OTI5WjB3MS0wKwYD\nVQQuEyRmY2JiMjNiZS00ZmM2LTQyMmUtOGNhYS02NWNmYzcxMWQxN2YxIzAhBgNV\nBAMTGkdvb2dsZSBDbG91ZCBTUUwgU2VydmVyIENBMRQwEgYDVQQKEwtHb29nbGUs\nIEluYzELMAkGA1UEBhMCVVMwggEiMA0GCSqGSIb3DQEBAQUAA4IBDwAwggEKAoIB\nAQCdlRTuLRoaIOldNfD/Qd1IlD70zmfwRBkJPHMlnd62gXa4owoUJDfbYHdxRyqn\nRVrLa3B4S9aq7lNivAcESVjbGx2+o28B3XCR15/KCyHWrbtu6Ik942nGwCjLLfwl\nMRJl0eIN/Z5GMYoC3dgCgWmWvU0XlG0nTjRpdx+lsvfK9bVC9nV3FW0b+wlgk5h6\ntG8xene300OWkOFucsN6j49MnTyCxzYe6dv5v62/9D3EQ3xhRs+EsbMxtCRB7bkf\nirYC1fmqYnt4jvSRmyOH7TCw+ynU8oGEIoryjO72xjoGKlrtn8GcnuZ3M10Q4Ck8\noSypWVZt2tIrhBr/3samwe6XAgMBAAGjFjAUMBIGA1UdEwEB/wQIMAYBAf8CAQAw\nDQYJKoZIhvcNAQELBQADggEBAD7VKh3bKWoSLX5KnQU+6Kwvy/VbO64An/oNaYRg\n8uWdjwgycH0VM/Q0m7XT/SGYKfE4b+LjVQ0GknLoxnTfG0JGlwjdy2O6l/yc1Vgd\nogSxTtX47am79CExSUxwh1AXtVBGU2/fgufM1X4Z2v004wiB/plO0fXidsE7vh8u\nw2y/MRKe/qJ22Mq8e6xSbpSjMtWMJBTazJ7+1+oc3jOyNFD5gHRsYOA508J9tvmF\nmT9bIJh8T+IAIlau7LA4Fehh1s2TlFOOmCUYtSb1C+5RRNubQF3KPCVPeI0pnLY6\noRZwFbUa5BN5V/SHw+gBbkMP4PdhaVOyoCe7HzbYdT1+oWM=\n-----END CERTIFICATE-----",
                "common_name": "C=US,O=Google\\, Inc,CN=Google Cloud SQL Server CA,dnQualifier=fcbb23be-4fc6-422e-8caa-65cfc711d17f",
                "create_time": "2023-02-17T06:48:29.574Z",
                "expiration_time": "2033-02-14T06:49:29.574Z",
                "sha1_fingerprint": "172957148b6a9b42329a4ff9f34f6702a9cacc83"
              }
            ],
            "service_account_email_address": "p209318686550-nigsdv@gcp-sa-cloud-sql.iam.gserviceaccount.com",
            "settings": [
              {
                "activation_policy": "ALWAYS",
                "active_directory_config": [],
                "availability_type": "ZONAL",
                "backup_configuration": [
                  {
                    "backup_retention_settings": [
                      {
                        "retained_backups": 7,
                        "retention_unit": "COUNT"
                      }
                    ],
                    "binary_log_enabled": false,
                    "enabled": false,
                    "location": "",
                    "point_in_time_recovery_enabled": false,
                    "start_time": "13:00",
                    "transaction_log_retention_days": 7
                  }
                ],
                "collation": "",
                "connector_enforcement": "NOT_REQUIRED",
                "database_flags": [],
                "deletion_protection_enabled": false,
                "deny_maintenance_period": [],
                "disk_autoresize": true,
                "disk_autoresize_limit": 0,
                "disk_size": 10,
                "disk_type": "PD_SSD",
                "insights_config": [],
                "ip_configuration": [
                  {
                    "allocated_ip_range": "",
                    "authorized_networks": [],
                    "ipv4_enabled": true,
                    "private_network": "",
                    "require_ssl": false
                  }
                ],
                "location_preference": [
                  {
                    "follow_gae_application": "",
                    "secondary_zone": "",
                    "zone": "us-east1-d"
                  }
                ],
                "maintenance_window": [],
                "password_validation_policy": [],
                "pricing_plan": "PER_USE",
                "sql_server_audit_config": [],
                "tier": "db-f1-micro",
                "time_zone": "",
                "user_labels": {},
                "version": 1
              }
            ],
            "timeouts": null
          },
          "sensitive_attributes": [],
          "private": "eyJlMmJmYjczMC1lY2FhLTExZTYtOGY4OC0zNDM2M2JjN2M0YzAiOnsiY3JlYXRlIjoxODAwMDAwMDAwMDAwLCJkZWxldGUiOjE4MDAwMDAwMDAwMDAsInVwZGF0ZSI6MTgwMDAwMDAwMDAwMH19"
        }
      ]
    },
    {
      "mode": "managed",
      "type": "google_sql_user",
      "name": "users",
      "provider": "provider[\"registry.terraform.io/hashicorp/google\"]",
      "instances": [
        {
          "schema_version": 1,
          "attributes": {
            "deletion_policy": null,
            "host": "",
            "id": "root//sql-instance1",
            "instance": "sql-instance1",
            "name": "root",
            "password": "root",
            "password_policy": [],
            "project": "practice-377017",
            "sql_server_user_details": [],
            "timeouts": null,
            "type": ""
          },
          "sensitive_attributes": [],
          "private": "eyJlMmJmYjczMC1lY2FhLTExZTYtOGY4OC0zNDM2M2JjN2M0YzAiOnsiY3JlYXRlIjo2MDAwMDAwMDAwMDAsImRlbGV0ZSI6NjAwMDAwMDAwMDAwLCJ1cGRhdGUiOjYwMDAwMDAwMDAwMH0sInNjaGVtYV92ZXJzaW9uIjoiMSJ9",
          "dependencies": [
            "google_sql_database_instance.sql-instance"
          ]
        }
      ]
    }
  ],
  "check_results": null
}
